
Microsoft Visual Studio Solution File, Format Version 12.00
# Visual Studio Version 17
VisualStudioVersion = 17.4.33213.308
MinimumVisualStudioVersion = 10.0.40219.1
Project("{FAE04EC0-301F-11D3-BF4B-00C04F79EFBC}") = "OrdersAPI", "OrdersAPI\OrdersAPI.csproj", "{F90C4A21-8049-4556-9ADC-51C7953BC55F}"
EndProject
Global
	GlobalSection(SolutionConfigurationPlatforms) = preSolution
		Debug|Any CPU = Debug|Any CPU
		Release|Any CPU = Release|Any CPU
	EndGlobalSection
	GlobalSection(ProjectConfigurationPlatforms) = postSolution
		{F90C4A21-8049-4556-9ADC-51C7953BC55F}.Debug|Any CPU.ActiveCfg = Debug|Any CPU
		{F90C4A21-8049-4556-9ADC-51C7953BC55F}.Debug|Any CPU.Build.0 = Debug|Any CPU
		{F90C4A21-8049-4556-9ADC-51C7953BC55F}.Release|Any CPU.ActiveCfg = Release|Any CPU
		{F90C4A21-8049-4556-9ADC-51C7953BC55F}.Release|Any CPU.Build.0 = Release|Any CPU
	EndGlobalSection
	GlobalSection(SolutionProperties) = preSolution
		HideSolutionNode = FALSE
	EndGlobalSection
	GlobalSection(ExtensibilityGlobals) = postSolution
		SolutionGuid = {21369908-B71A-4FB3-A2FE-BB009523A88E}
	EndGlobalSection
EndGlobal
